// !$*UTF8*$!
{
	archiveVersion = 1;
	classes = {
	};
	objectVersion = 52;
	objects = {

/* Begin PBXBuildFile section */
		A408074D26AAF305009FD4F4 /* ArgumentParser in Frameworks */ = {isa = PBXBuildFile; productRef = A408074C26AAF305009FD4F4 /* ArgumentParser */; };
		A408074F26AAF3A8009FD4F4 /* stats.swift in Sources */ = {isa = PBXBuildFile; fileRef = A408074E26AAF3A8009FD4F4 /* stats.swift */; };
		A408075126AAF3BE009FD4F4 /* extensions.swift in Sources */ = {isa = PBXBuildFile; fileRef = A408075026AAF3BE009FD4F4 /* extensions.swift */; };
		A408075326AAF3E4009FD4F4 /* analyze_dst.swift in Sources */ = {isa = PBXBuildFile; fileRef = A408075226AAF3E4009FD4F4 /* analyze_dst.swift */; };
		A408075526AAF3FD009FD4F4 /* placeholder.swift in Sources */ = {isa = PBXBuildFile; fileRef = A408075426AAF3FD009FD4F4 /* placeholder.swift */; };
		A44447B426AC60C6004A4D4D /* backup.swift in Sources */ = {isa = PBXBuildFile; fileRef = A44447B326AC60C6004A4D4D /* backup.swift */; };
		A4A9A89626AAF1F900706A28 /* main.swift in Sources */ = {isa = PBXBuildFile; fileRef = A4A9A89526AAF1F900706A28 /* main.swift */; };
		A4BCBAA326AD5F3500CE89F6 /* analyze_src.swift in Sources */ = {isa = PBXBuildFile; fileRef = A4BCBAA226AD5F3500CE89F6 /* analyze_src.swift */; };
		A4BCBAA526AD7DBF00CE89F6 /* cli.swift in Sources */ = {isa = PBXBuildFile; fileRef = A4BCBAA426AD7DBF00CE89F6 /* cli.swift */; };
/* End PBXBuildFile section */

/* Begin PBXCopyFilesBuildPhase section */
		A4A9A89026AAF1F900706A28 /* CopyFiles */ = {
			isa = PBXCopyFilesBuildPhase;
			buildActionMask = 2147483647;
			dstPath = /usr/share/man/man1/;
			dstSubfolderSpec = 0;
			files = (
			);
			runOnlyForDeploymentPostprocessing = 1;
		};
/* End PBXCopyFilesBuildPhase section */

/* Begin PBXFileReference section */
		A408074E26AAF3A8009FD4F4 /* stats.swift */ = {isa = PBXFileReference; lastKnownFileType = sourcecode.swift; path = stats.swift; sourceTree = "<group>"; };
		A408075026AAF3BE009FD4F4 /* extensions.swift */ = {isa = PBXFileReference; lastKnownFileType = sourcecode.swift; path = extensions.swift; sourceTree = "<group>"; };
		A408075226AAF3E4009FD4F4 /* analyze_dst.swift */ = {isa = PBXFileReference; lastKnownFileType = sourcecode.swift; path = analyze_dst.swift; sourceTree = "<group>"; };
		A408075426AAF3FD009FD4F4 /* placeholder.swift */ = {isa = PBXFileReference; lastKnownFileType = sourcecode.swift; path = placeholder.swift; sourceTree = "<group>"; };
		A44447B326AC60C6004A4D4D /* backup.swift */ = {isa = PBXFileReference; lastKnownFileType = sourcecode.swift; path = backup.swift; sourceTree = "<group>"; };
		A4A9A89226AAF1F900706A28 /* icloud-backup */ = {isa = PBXFileReference; explicitFileType = "compiled.mach-o.executable"; includeInIndex = 0; path = "icloud-backup"; sourceTree = BUILT_PRODUCTS_DIR; };
		A4A9A89526AAF1F900706A28 /* main.swift */ = {isa = PBXFileReference; lastKnownFileType = sourcecode.swift; path = main.swift; sourceTree = "<group>"; };
		A4BCBAA226AD5F3500CE89F6 /* analyze_src.swift */ = {isa = PBXFileReference; lastKnownFileType = sourcecode.swift; path = analyze_src.swift; sourceTree = "<group>"; };
		A4BCBAA426AD7DBF00CE89F6 /* cli.swift */ = {isa = PBXFileReference; lastKnownFileType = sourcecode.swift; path = cli.swift; sourceTree = "<group>"; };
/* End PBXFileReference section */

/* Begin PBXFrameworksBuildPhase section */
		A4A9A88F26AAF1F900706A28 /* Frameworks */ = {
			isa = PBXFrameworksBuildPhase;
			buildActionMask = 2147483647;
			files = (
				A408074D26AAF305009FD4F4 /* ArgumentParser in Frameworks */,
			);
			runOnlyForDeploymentPostprocessing = 0;
		};
/* End PBXFrameworksBuildPhase section */

/* Begin PBXGroup section */
		A4A9A88926AAF1F800706A28 = {
			isa = PBXGroup;
			children = (
				A4A9A89426AAF1F900706A28 /* icloud-backup */,
				A4A9A89326AAF1F900706A28 /* Products */,
			);
			sourceTree = "<group>";
		};
		A4A9A89326AAF1F900706A28 /* Products */ = {
			isa = PBXGroup;
			children = (
				A4A9A89226AAF1F900706A28 /* icloud-backup */,
			);
			name = Products;
			sourceTree = "<group>";
		};
		A4A9A89426AAF1F900706A28 /* icloud-backup */ = {
			isa = PBXGroup;
			children = (
				A4A9A89526AAF1F900706A28 /* main.swift */,
				A4BCBAA426AD7DBF00CE89F6 /* cli.swift */,
				A408075226AAF3E4009FD4F4 /* analyze_dst.swift */,
				A4BCBAA226AD5F3500CE89F6 /* analyze_src.swift */,
				A44447B326AC60C6004A4D4D /* backup.swift */,
				A408074E26AAF3A8009FD4F4 /* stats.swift */,
				A408075026AAF3BE009FD4F4 /* extensions.swift */,
				A408075426AAF3FD009FD4F4 /* placeholder.swift */,
			);
			path = "icloud-backup";
			sourceTree = "<group>";
		};
/* End PBXGroup section */

/* Begin PBXNativeTarget section */
		A4A9A89126AAF1F900706A28 /* icloud-backup */ = {
			isa = PBXNativeTarget;
			buildConfigurationList = A4A9A89926AAF1F900706A28 /* Build configuration list for PBXNativeTarget "icloud-backup" */;
			buildPhases = (
				A4A9A88E26AAF1F900706A28 /* Sources */,
				A4A9A88F26AAF1F900706A28 /* Frameworks */,
				A4A9A89026AAF1F900706A28 /* CopyFiles */,
			);
			buildRules = (
			);
			dependencies = (
			);
			name = "icloud-backup";
			packageProductDependencies = (
				A408074C26AAF305009FD4F4 /* ArgumentParser */,
			);
			productName = "icloud-backup";
			productReference = A4A9A89226AAF1F900706A28 /* icloud-backup */;
			productType = "com.apple.product-type.tool";
		};
/* End PBXNativeTarget section */

/* Begin PBXProject section */
		A4A9A88A26AAF1F800706A28 /* Project object */ = {
			isa = PBXProject;
			attributes = {
				LastSwiftUpdateCheck = 1250;
				LastUpgradeCheck = 1250;
				TargetAttributes = {
					A4A9A89126AAF1F900706A28 = {
						CreatedOnToolsVersion = 12.5.1;
					};
				};
			};
			buildConfigurationList = A4A9A88D26AAF1F800706A28 /* Build configuration list for PBXProject "icloud-backup" */;
			compatibilityVersion = "Xcode 9.3";
			developmentRegion = en;
			hasScannedForEncodings = 0;
			knownRegions = (
				en,
				Base,
			);
			mainGroup = A4A9A88926AAF1F800706A28;
			packageReferences = (
				A408074B26AAF305009FD4F4 /* XCRemoteSwiftPackageReference "swift-argument-parser" */,
			);
			productRefGroup = A4A9A89326AAF1F900706A28 /* Products */;
			projectDirPath = "";
			projectRoot = "";
			targets = (
				A4A9A89126AAF1F900706A28 /* icloud-backup */,
			);
		};
/* End PBXProject section */

/* Begin PBXSourcesBuildPhase section */
		A4A9A88E26AAF1F900706A28 /* Sources */ = {
			isa = PBXSourcesBuildPhase;
			buildActionMask = 2147483647;
			files = (
				A408075326AAF3E4009FD4F4 /* analyze_dst.swift in Sources */,
				A44447B426AC60C6004A4D4D /* backup.swift in Sources */,
				A408075526AAF3FD009FD4F4 /* placeholder.swift in Sources */,
				A4BCBAA526AD7DBF00CE89F6 /* cli.swift in Sources */,
				A408074F26AAF3A8009FD4F4 /* stats.swift in Sources */,
				A4BCBAA326AD5F3500CE89F6 /* analyze_src.swift in Sources */,
				A4A9A89626AAF1F900706A28 /* main.swift in Sources */,
				A408075126AAF3BE009FD4F4 /* extensions.swift in Sources */,
			);
			runOnlyForDeploymentPostprocessing = 0;
		};
/* End PBXSourcesBuildPhase section */

/* Begin XCBuildConfiguration section */
		A4A9A89726AAF1F900706A28 /* Debug */ = {
			isa = XCBuildConfiguration;
			buildSettings = {
				ALWAYS_SEARCH_USER_PATHS = NO;
				CLANG_ANALYZER_NONNULL = YES;
				CLANG_ANALYZER_NUMBER_OBJECT_CONVERSION = YES_AGGRESSIVE;
				CLANG_CXX_LANGUAGE_STANDARD = "gnu++14";
				CLANG_CXX_LIBRARY = "libc++";
				CLANG_ENABLE_MODULES = YES;
				CLANG_ENABLE_OBJC_ARC = YES;
				CLANG_ENABLE_OBJC_WEAK = YES;
				CLANG_WARN_BLOCK_CAPTURE_AUTORELEASING = YES;
				CLANG_WARN_BOOL_CONVERSION = YES;
				CLANG_WARN_COMMA = YES;
				CLANG_WARN_CONSTANT_CONVERSION = YES;
				CLANG_WARN_DEPRECATED_OBJC_IMPLEMENTATIONS = YES;
				CLANG_WARN_DIRECT_OBJC_ISA_USAGE = YES_ERROR;
				CLANG_WARN_DOCUMENTATION_COMMENTS = YES;
				CLANG_WARN_EMPTY_BODY = YES;
				CLANG_WARN_ENUM_CONVERSION = YES;
				CLANG_WARN_INFINITE_RECURSION = YES;
				CLANG_WARN_INT_CONVERSION = YES;
				CLANG_WARN_NON_LITERAL_NULL_CONVERSION = YES;
				CLANG_WARN_OBJC_IMPLICIT_RETAIN_SELF = YES;
				CLANG_WARN_OBJC_LITERAL_CONVERSION = YES;
				CLANG_WARN_OBJC_ROOT_CLASS = YES_ERROR;
				CLANG_WARN_QUOTED_INCLUDE_IN_FRAMEWORK_HEADER = YES;
				CLANG_WARN_RANGE_LOOP_ANALYSIS = YES;
				CLANG_WARN_STRICT_PROTOTYPES = YES;
				CLANG_WARN_SUSPICIOUS_MOVE = YES;
				CLANG_WARN_UNGUARDED_AVAILABILITY = YES_AGGRESSIVE;
				CLANG_WARN_UNREACHABLE_CODE = YES;
				CLANG_WARN__DUPLICATE_METHOD_MATCH = YES;
				COPY_PHASE_STRIP = NO;
				DEBUG_INFORMATION_FORMAT = dwarf;
				ENABLE_STRICT_OBJC_MSGSEND = YES;
				ENABLE_TESTABILITY = YES;
				GCC_C_LANGUAGE_STANDARD = gnu11;
				GCC_DYNAMIC_NO_PIC = NO;
				GCC_NO_COMMON_BLOCKS = YES;
				GCC_OPTIMIZATION_LEVEL = 0;
				GCC_PREPROCESSOR_DEFINITIONS = (
					"DEBUG=1",
					"$(inherited)",
				);
				GCC_WARN_64_TO_32_BIT_CONVERSION = YES;
				GCC_WARN_ABOUT_RETURN_TYPE = YES_ERROR;
				GCC_WARN_UNDECLARED_SELECTOR = YES;
				GCC_WARN_UNINITIALIZED_AUTOS = YES_AGGRESSIVE;
				GCC_WARN_UNUSED_FUNCTION = YES;
				GCC_WARN_UNUSED_VARIABLE = YES;
				MACOSX_DEPLOYMENT_TARGET = 11.3;
				MTL_ENABLE_DEBUG_INFO = INCLUDE_SOURCE;
				MTL_FAST_MATH = YES;
				ONLY_ACTIVE_ARCH = YES;
				SDKROOT = macosx;
				SWIFT_ACTIVE_COMPILATION_CONDITIONS = DEBUG;
				SWIFT_OPTIMIZATION_LEVEL = "-Onone";
			};
			name = Debug;
		};
		A4A9A89826AAF1F900706A28 /* Release */ = {
			isa = XCBuildConfiguration;
			buildSettings = {
				ALWAYS_SEARCH_USER_PATHS = NO;
				CLANG_ANALYZER_NONNULL = YES;
				CLANG_ANALYZER_NUMBER_OBJECT_CONVERSION = YES_AGGRESSIVE;
				CLANG_CXX_LANGUAGE_STANDARD = "gnu++14";
				CLANG_CXX_LIBRARY = "libc++";
				CLANG_ENABLE_MODULES = YES;
				CLANG_ENABLE_OBJC_ARC = YES;
				CLANG_ENABLE_OBJC_WEAK = YES;
				CLANG_WARN_BLOCK_CAPTURE_AUTORELEASING = YES;
				CLANG_WARN_BOOL_CONVERSION = YES;
				CLANG_WARN_COMMA = YES;
				CLANG_WARN_CONSTANT_CONVERSION = YES;
				CLANG_WARN_DEPRECATED_OBJC_IMPLEMENTATIONS = YES;
				CLANG_WARN_DIRECT_OBJC_ISA_USAGE = YES_ERROR;
				CLANG_WARN_DOCUMENTATION_COMMENTS = YES;
				CLANG_WARN_EMPTY_BODY = YES;
				CLANG_WARN_ENUM_CONVERSION = YES;
				CLANG_WARN_INFINITE_RECURSION = YES;
				CLANG_WARN_INT_CONVERSION = YES;
				CLANG_WARN_NON_LITERAL_NULL_CONVERSION = YES;
				CLANG_WARN_OBJC_IMPLICIT_RETAIN_SELF = YES;
				CLANG_WARN_OBJC_LITERAL_CONVERSION = YES;
				CLANG_WARN_OBJC_ROOT_CLASS = YES_ERROR;
				CLANG_WARN_QUOTED_INCLUDE_IN_FRAMEWORK_HEADER = YES;
				CLANG_WARN_RANGE_LOOP_ANALYSIS = YES;
				CLANG_WARN_STRICT_PROTOTYPES = YES;
				CLANG_WARN_SUSPICIOUS_MOVE = YES;
				CLANG_WARN_UNGUARDED_AVAILABILITY = YES_AGGRESSIVE;
				CLANG_WARN_UNREACHABLE_CODE = YES;
				CLANG_WARN__DUPLICATE_METHOD_MATCH = YES;
				COPY_PHASE_STRIP = NO;
				DEBUG_INFORMATION_FORMAT = "dwarf-with-dsym";
				ENABLE_NS_ASSERTIONS = NO;
				ENABLE_STRICT_OBJC_MSGSEND = YES;
				GCC_C_LANGUAGE_STANDARD = gnu11;
				GCC_NO_COMMON_BLOCKS = YES;
				GCC_WARN_64_TO_32_BIT_CONVERSION = YES;
				GCC_WARN_ABOUT_RETURN_TYPE = YES_ERROR;
				GCC_WARN_UNDECLARED_SELECTOR = YES;
				GCC_WARN_UNINITIALIZED_AUTOS = YES_AGGRESSIVE;
				GCC_WARN_UNUSED_FUNCTION = YES;
				GCC_WARN_UNUSED_VARIABLE = YES;
				MACOSX_DEPLOYMENT_TARGET = 11.3;
				MTL_ENABLE_DEBUG_INFO = NO;
				MTL_FAST_MATH = YES;
				SDKROOT = macosx;
				SWIFT_COMPILATION_MODE = wholemodule;
				SWIFT_OPTIMIZATION_LEVEL = "-O";
			};
			name = Release;
		};
		A4A9A89A26AAF1F900706A28 /* Debug */ = {
			isa = XCBuildConfiguration;
			buildSettings = {
				CODE_SIGN_STYLE = Automatic;
				DEVELOPMENT_TEAM = QEZ83PUW72;
				ENABLE_HARDENED_RUNTIME = YES;
				MACOSX_DEPLOYMENT_TARGET = 11.3;
				PRODUCT_BUNDLE_IDENTIFIER = "se.eberl.icloud-backup";
				PRODUCT_NAME = "$(TARGET_NAME)";
				SWIFT_VERSION = 5.0;
			};
			name = Debug;
		};
		A4A9A89B26AAF1F900706A28 /* Release */ = {
			isa = XCBuildConfiguration;
			buildSettings = {
				CODE_SIGN_STYLE = Automatic;
				DEVELOPMENT_TEAM = QEZ83PUW72;
				ENABLE_HARDENED_RUNTIME = YES;
				MACOSX_DEPLOYMENT_TARGET = 11.3;
				PRODUCT_BUNDLE_IDENTIFIER = "se.eberl.icloud-backup";
				PRODUCT_NAME = "$(TARGET_NAME)";
				SWIFT_VERSION = 5.0;
			};
			name = Release;
		};
/* End XCBuildConfiguration section */

/* Begin XCConfigurationList section */
		A4A9A88D26AAF1F800706A28 /* Build configuration list for PBXProject "icloud-backup" */ = {
			isa = XCConfigurationList;
			buildConfigurations = (
				A4A9A89726AAF1F900706A28 /* Debug */,
				A4A9A89826AAF1F900706A28 /* Release */,
			);
			defaultConfigurationIsVisible = 0;
			defaultConfigurationName = Release;
		};
		A4A9A89926AAF1F900706A28 /* Build configuration list for PBXNativeTarget "icloud-backup" */ = {
			isa = XCConfigurationList;
			buildConfigurations = (
				A4A9A89A26AAF1F900706A28 /* Debug */,
				A4A9A89B26AAF1F900706A28 /* Release */,
			);
			defaultConfigurationIsVisible = 0;
			defaultConfigurationName = Release;
		};
/* End XCConfigurationList section */

/* Begin XCRemoteSwiftPackageReference section */
		A408074B26AAF305009FD4F4 /* XCRemoteSwiftPackageReference "swift-argument-parser" */ = {
			isa = XCRemoteSwiftPackageReference;
			repositoryURL = "https://github.com/apple/swift-argument-parser";
			requirement = {
				kind = upToNextMajorVersion;
				minimumVersion = 0.4.3;
			};
		};
/* End XCRemoteSwiftPackageReference section */

/* Begin XCSwiftPackageProductDependency section */
		A408074C26AAF305009FD4F4 /* ArgumentParser */ = {
			isa = XCSwiftPackageProductDependency;
			package = A408074B26AAF305009FD4F4 /* XCRemoteSwiftPackageReference "swift-argument-parser" */;
			productName = ArgumentParser;
		};
/* End XCSwiftPackageProductDependency section */
	};
	rootObject = A4A9A88A26AAF1F800706A28 /* Project object */;
}
