// !$*UTF8*$!
{
	archiveVersion = 1;
	classes = {
	};
	objectVersion = 52;
	objects = {

/* Begin PBXBuildFile section */
		A408074D26AAF305009FD4F4 /* ArgumentParser in Frameworks */ = {isa = PBXBuildFile; productRef = A408074C26AAF305009FD4F4 /* ArgumentParser */; };
		A408074F26AAF3A8009FD4F4 /* stats.swift in Sources */ = {isa = PBXBuildFile; fileRef = A408074E26AAF3A8009FD4F4 /* stats.swift */; };
		A408075126AAF3BE009FD4F4 /* extensions.swift in Sources */ = {isa = PBXBuildFile; fileRef = A408075026AAF3BE009FD4F4 /* extensions.swift */; };
		A408075326AAF3E4009FD4F4 /* walk_dst.swift in Sources */ = {isa = PBXBuildFile; fileRef = A408075226AAF3E4009FD4F4 /* walk_dst.swift */; };
		A408075526AAF3FD009FD4F4 /* placeholder.swift in Sources */ = {isa = PBXBuildFile; fileRef = A408075426AAF3FD009FD4F4 /* placeholder.swift */; };
		A4317FD326BA6CAB0012CCA6 /* main.swift in Sources */ = {isa = PBXBuildFile; fileRef = A4317FD226BA6CAB0012CCA6 /* main.swift */; };
		A4317FD926BA6D4A0012CCA6 /* cli.swift in Sources */ = {isa = PBXBuildFile; fileRef = A4317FD826BA6D4A0012CCA6 /* cli.swift */; };
		A4317FDB26BA6EDE0012CCA6 /* walk.swift in Sources */ = {isa = PBXBuildFile; fileRef = A4317FDA26BA6EDE0012CCA6 /* walk.swift */; };
		A4317FDE26BA6F6A0012CCA6 /* ArgumentParser in Frameworks */ = {isa = PBXBuildFile; productRef = A4317FDD26BA6F6A0012CCA6 /* ArgumentParser */; };
		A4317FE026BA71540012CCA6 /* placeholder.swift in Sources */ = {isa = PBXBuildFile; fileRef = A408075426AAF3FD009FD4F4 /* placeholder.swift */; };
		A4317FE126BA71610012CCA6 /* extensions.swift in Sources */ = {isa = PBXBuildFile; fileRef = A408075026AAF3BE009FD4F4 /* extensions.swift */; };
		A4317FE226BA718E0012CCA6 /* file_operations.swift in Sources */ = {isa = PBXBuildFile; fileRef = A44447B326AC60C6004A4D4D /* file_operations.swift */; };
		A44447B426AC60C6004A4D4D /* file_operations.swift in Sources */ = {isa = PBXBuildFile; fileRef = A44447B326AC60C6004A4D4D /* file_operations.swift */; };
		A46598B926BC48300032651E /* main.swift in Sources */ = {isa = PBXBuildFile; fileRef = A46598B826BC48300032651E /* main.swift */; };
		A46598BE26BC48470032651E /* cli.swift in Sources */ = {isa = PBXBuildFile; fileRef = A46598BD26BC48470032651E /* cli.swift */; };
		A46598BF26BC484D0032651E /* placeholder.swift in Sources */ = {isa = PBXBuildFile; fileRef = A408075426AAF3FD009FD4F4 /* placeholder.swift */; };
		A46598C026BC48500032651E /* extensions.swift in Sources */ = {isa = PBXBuildFile; fileRef = A408075026AAF3BE009FD4F4 /* extensions.swift */; };
		A46598C126BC48520032651E /* file_operations.swift in Sources */ = {isa = PBXBuildFile; fileRef = A44447B326AC60C6004A4D4D /* file_operations.swift */; };
		A46598C326BC48960032651E /* walk.swift in Sources */ = {isa = PBXBuildFile; fileRef = A46598C226BC48960032651E /* walk.swift */; };
		A46598C526BC48D00032651E /* stats.swift in Sources */ = {isa = PBXBuildFile; fileRef = A46598C426BC48D00032651E /* stats.swift */; };
		A46598C726BC48DC0032651E /* ArgumentParser in Frameworks */ = {isa = PBXBuildFile; productRef = A46598C626BC48DC0032651E /* ArgumentParser */; };
		A490AB7926B9AA2A007C1120 /* Chalk in Frameworks */ = {isa = PBXBuildFile; productRef = A490AB7826B9AA2A007C1120 /* Chalk */; };
		A4A9A89626AAF1F900706A28 /* main.swift in Sources */ = {isa = PBXBuildFile; fileRef = A4A9A89526AAF1F900706A28 /* main.swift */; };
		A4BCBAA326AD5F3500CE89F6 /* walk_src.swift in Sources */ = {isa = PBXBuildFile; fileRef = A4BCBAA226AD5F3500CE89F6 /* walk_src.swift */; };
		A4BCBAA526AD7DBF00CE89F6 /* cli.swift in Sources */ = {isa = PBXBuildFile; fileRef = A4BCBAA426AD7DBF00CE89F6 /* cli.swift */; };
		A4D287C226BAE77A00EE9157 /* main.swift in Sources */ = {isa = PBXBuildFile; fileRef = A4D287C126BAE77A00EE9157 /* main.swift */; };
		A4D287C726BAE7A700EE9157 /* cli.swift in Sources */ = {isa = PBXBuildFile; fileRef = A4D287C626BAE7A700EE9157 /* cli.swift */; };
		A4D287C926BAE7B100EE9157 /* walk.swift in Sources */ = {isa = PBXBuildFile; fileRef = A4D287C826BAE7B100EE9157 /* walk.swift */; };
		A4D287CA26BAE87A00EE9157 /* placeholder.swift in Sources */ = {isa = PBXBuildFile; fileRef = A408075426AAF3FD009FD4F4 /* placeholder.swift */; };
		A4D287CB26BAE87C00EE9157 /* extensions.swift in Sources */ = {isa = PBXBuildFile; fileRef = A408075026AAF3BE009FD4F4 /* extensions.swift */; };
		A4D287CC26BAE87E00EE9157 /* file_operations.swift in Sources */ = {isa = PBXBuildFile; fileRef = A44447B326AC60C6004A4D4D /* file_operations.swift */; };
		A4D287CE26BAE8AA00EE9157 /* ArgumentParser in Frameworks */ = {isa = PBXBuildFile; productRef = A4D287CD26BAE8AA00EE9157 /* ArgumentParser */; };
/* End PBXBuildFile section */

/* Begin PBXCopyFilesBuildPhase section */
		A4317FCE26BA6CAB0012CCA6 /* CopyFiles */ = {
			isa = PBXCopyFilesBuildPhase;
			buildActionMask = 2147483647;
			dstPath = /usr/share/man/man1/;
			dstSubfolderSpec = 0;
			files = (
			);
			runOnlyForDeploymentPostprocessing = 1;
		};
		A46598B426BC48300032651E /* CopyFiles */ = {
			isa = PBXCopyFilesBuildPhase;
			buildActionMask = 2147483647;
			dstPath = /usr/share/man/man1/;
			dstSubfolderSpec = 0;
			files = (
			);
			runOnlyForDeploymentPostprocessing = 1;
		};
		A4A9A89026AAF1F900706A28 /* CopyFiles */ = {
			isa = PBXCopyFilesBuildPhase;
			buildActionMask = 2147483647;
			dstPath = /usr/share/man/man1/;
			dstSubfolderSpec = 0;
			files = (
			);
			runOnlyForDeploymentPostprocessing = 1;
		};
		A4D287BD26BAE77A00EE9157 /* CopyFiles */ = {
			isa = PBXCopyFilesBuildPhase;
			buildActionMask = 2147483647;
			dstPath = /usr/share/man/man1/;
			dstSubfolderSpec = 0;
			files = (
			);
			runOnlyForDeploymentPostprocessing = 1;
		};
/* End PBXCopyFilesBuildPhase section */

/* Begin PBXFileReference section */
		A408074E26AAF3A8009FD4F4 /* stats.swift */ = {isa = PBXFileReference; lastKnownFileType = sourcecode.swift; path = stats.swift; sourceTree = "<group>"; };
		A408075026AAF3BE009FD4F4 /* extensions.swift */ = {isa = PBXFileReference; lastKnownFileType = sourcecode.swift; path = extensions.swift; sourceTree = "<group>"; };
		A408075226AAF3E4009FD4F4 /* walk_dst.swift */ = {isa = PBXFileReference; lastKnownFileType = sourcecode.swift; path = walk_dst.swift; sourceTree = "<group>"; };
		A408075426AAF3FD009FD4F4 /* placeholder.swift */ = {isa = PBXFileReference; lastKnownFileType = sourcecode.swift; path = placeholder.swift; sourceTree = "<group>"; };
		A4317FD026BA6CAB0012CCA6 /* iclouddownload */ = {isa = PBXFileReference; explicitFileType = "compiled.mach-o.executable"; includeInIndex = 0; path = iclouddownload; sourceTree = BUILT_PRODUCTS_DIR; };
		A4317FD226BA6CAB0012CCA6 /* main.swift */ = {isa = PBXFileReference; lastKnownFileType = sourcecode.swift; path = main.swift; sourceTree = "<group>"; };
		A4317FD826BA6D4A0012CCA6 /* cli.swift */ = {isa = PBXFileReference; lastKnownFileType = sourcecode.swift; path = cli.swift; sourceTree = "<group>"; };
		A4317FDA26BA6EDE0012CCA6 /* walk.swift */ = {isa = PBXFileReference; lastKnownFileType = sourcecode.swift; path = walk.swift; sourceTree = "<group>"; };
		A44447B326AC60C6004A4D4D /* file_operations.swift */ = {isa = PBXFileReference; lastKnownFileType = sourcecode.swift; path = file_operations.swift; sourceTree = "<group>"; };
		A46598B626BC48300032651E /* icloudstats */ = {isa = PBXFileReference; explicitFileType = "compiled.mach-o.executable"; includeInIndex = 0; path = icloudstats; sourceTree = BUILT_PRODUCTS_DIR; };
		A46598B826BC48300032651E /* main.swift */ = {isa = PBXFileReference; lastKnownFileType = sourcecode.swift; path = main.swift; sourceTree = "<group>"; };
		A46598BD26BC48470032651E /* cli.swift */ = {isa = PBXFileReference; lastKnownFileType = sourcecode.swift; path = cli.swift; sourceTree = "<group>"; };
		A46598C226BC48960032651E /* walk.swift */ = {isa = PBXFileReference; lastKnownFileType = sourcecode.swift; path = walk.swift; sourceTree = "<group>"; };
		A46598C426BC48D00032651E /* stats.swift */ = {isa = PBXFileReference; lastKnownFileType = sourcecode.swift; path = stats.swift; sourceTree = "<group>"; };
		A4A9A89226AAF1F900706A28 /* icloudbackup */ = {isa = PBXFileReference; explicitFileType = "compiled.mach-o.executable"; includeInIndex = 0; path = icloudbackup; sourceTree = BUILT_PRODUCTS_DIR; };
		A4A9A89526AAF1F900706A28 /* main.swift */ = {isa = PBXFileReference; lastKnownFileType = sourcecode.swift; path = main.swift; sourceTree = "<group>"; };
		A4BCBAA226AD5F3500CE89F6 /* walk_src.swift */ = {isa = PBXFileReference; lastKnownFileType = sourcecode.swift; path = walk_src.swift; sourceTree = "<group>"; };
		A4BCBAA426AD7DBF00CE89F6 /* cli.swift */ = {isa = PBXFileReference; lastKnownFileType = sourcecode.swift; path = cli.swift; sourceTree = "<group>"; };
		A4D287BF26BAE77A00EE9157 /* icloudoffload */ = {isa = PBXFileReference; explicitFileType = "compiled.mach-o.executable"; includeInIndex = 0; path = icloudoffload; sourceTree = BUILT_PRODUCTS_DIR; };
		A4D287C126BAE77A00EE9157 /* main.swift */ = {isa = PBXFileReference; lastKnownFileType = sourcecode.swift; path = main.swift; sourceTree = "<group>"; };
		A4D287C626BAE7A700EE9157 /* cli.swift */ = {isa = PBXFileReference; lastKnownFileType = sourcecode.swift; path = cli.swift; sourceTree = "<group>"; };
		A4D287C826BAE7B100EE9157 /* walk.swift */ = {isa = PBXFileReference; lastKnownFileType = sourcecode.swift; path = walk.swift; sourceTree = "<group>"; };
/* End PBXFileReference section */

/* Begin PBXFrameworksBuildPhase section */
		A4317FCD26BA6CAB0012CCA6 /* Frameworks */ = {
			isa = PBXFrameworksBuildPhase;
			buildActionMask = 2147483647;
			files = (
				A4317FDE26BA6F6A0012CCA6 /* ArgumentParser in Frameworks */,
			);
			runOnlyForDeploymentPostprocessing = 0;
		};
		A46598B326BC48300032651E /* Frameworks */ = {
			isa = PBXFrameworksBuildPhase;
			buildActionMask = 2147483647;
			files = (
				A46598C726BC48DC0032651E /* ArgumentParser in Frameworks */,
			);
			runOnlyForDeploymentPostprocessing = 0;
		};
		A4A9A88F26AAF1F900706A28 /* Frameworks */ = {
			isa = PBXFrameworksBuildPhase;
			buildActionMask = 2147483647;
			files = (
				A490AB7926B9AA2A007C1120 /* Chalk in Frameworks */,
				A408074D26AAF305009FD4F4 /* ArgumentParser in Frameworks */,
			);
			runOnlyForDeploymentPostprocessing = 0;
		};
		A4D287BC26BAE77A00EE9157 /* Frameworks */ = {
			isa = PBXFrameworksBuildPhase;
			buildActionMask = 2147483647;
			files = (
				A4D287CE26BAE8AA00EE9157 /* ArgumentParser in Frameworks */,
			);
			runOnlyForDeploymentPostprocessing = 0;
		};
/* End PBXFrameworksBuildPhase section */

/* Begin PBXGroup section */
		A4317FD126BA6CAB0012CCA6 /* iclouddownload */ = {
			isa = PBXGroup;
			children = (
				A4317FD226BA6CAB0012CCA6 /* main.swift */,
				A4317FD826BA6D4A0012CCA6 /* cli.swift */,
				A4317FDA26BA6EDE0012CCA6 /* walk.swift */,
			);
			path = iclouddownload;
			sourceTree = "<group>";
		};
		A4317FDC26BA6F6A0012CCA6 /* Frameworks */ = {
			isa = PBXGroup;
			children = (
			);
			name = Frameworks;
			sourceTree = "<group>";
		};
		A4317FDF26BA71450012CCA6 /* shared */ = {
			isa = PBXGroup;
			children = (
				A408075426AAF3FD009FD4F4 /* placeholder.swift */,
				A408075026AAF3BE009FD4F4 /* extensions.swift */,
				A44447B326AC60C6004A4D4D /* file_operations.swift */,
			);
			path = shared;
			sourceTree = "<group>";
		};
		A46598B726BC48300032651E /* icloudstats */ = {
			isa = PBXGroup;
			children = (
				A46598B826BC48300032651E /* main.swift */,
				A46598BD26BC48470032651E /* cli.swift */,
				A46598C226BC48960032651E /* walk.swift */,
				A46598C426BC48D00032651E /* stats.swift */,
			);
			path = icloudstats;
			sourceTree = "<group>";
		};
		A4A9A88926AAF1F800706A28 = {
			isa = PBXGroup;
			children = (
				A4317FDF26BA71450012CCA6 /* shared */,
				A4A9A89426AAF1F900706A28 /* icloudbackup */,
				A4317FD126BA6CAB0012CCA6 /* iclouddownload */,
				A4D287C026BAE77A00EE9157 /* icloudoffload */,
				A46598B726BC48300032651E /* icloudstats */,
				A4A9A89326AAF1F900706A28 /* Products */,
				A4317FDC26BA6F6A0012CCA6 /* Frameworks */,
			);
			sourceTree = "<group>";
		};
		A4A9A89326AAF1F900706A28 /* Products */ = {
			isa = PBXGroup;
			children = (
				A4A9A89226AAF1F900706A28 /* icloudbackup */,
				A4317FD026BA6CAB0012CCA6 /* iclouddownload */,
				A4D287BF26BAE77A00EE9157 /* icloudoffload */,
				A46598B626BC48300032651E /* icloudstats */,
			);
			name = Products;
			sourceTree = "<group>";
		};
		A4A9A89426AAF1F900706A28 /* icloudbackup */ = {
			isa = PBXGroup;
			children = (
				A4A9A89526AAF1F900706A28 /* main.swift */,
				A4BCBAA426AD7DBF00CE89F6 /* cli.swift */,
				A408075226AAF3E4009FD4F4 /* walk_dst.swift */,
				A4BCBAA226AD5F3500CE89F6 /* walk_src.swift */,
				A408074E26AAF3A8009FD4F4 /* stats.swift */,
			);
			path = icloudbackup;
			sourceTree = "<group>";
		};
		A4D287C026BAE77A00EE9157 /* icloudoffload */ = {
			isa = PBXGroup;
			children = (
				A4D287C126BAE77A00EE9157 /* main.swift */,
				A4D287C626BAE7A700EE9157 /* cli.swift */,
				A4D287C826BAE7B100EE9157 /* walk.swift */,
			);
			path = icloudoffload;
			sourceTree = "<group>";
		};
/* End PBXGroup section */

/* Begin PBXNativeTarget section */
		A4317FCF26BA6CAB0012CCA6 /* iclouddownload */ = {
			isa = PBXNativeTarget;
			buildConfigurationList = A4317FD626BA6CAB0012CCA6 /* Build configuration list for PBXNativeTarget "iclouddownload" */;
			buildPhases = (
				A4317FCC26BA6CAB0012CCA6 /* Sources */,
				A4317FCD26BA6CAB0012CCA6 /* Frameworks */,
				A4317FCE26BA6CAB0012CCA6 /* CopyFiles */,
			);
			buildRules = (
			);
			dependencies = (
			);
			name = iclouddownload;
			packageProductDependencies = (
				A4317FDD26BA6F6A0012CCA6 /* ArgumentParser */,
			);
			productName = iclouddownload;
			productReference = A4317FD026BA6CAB0012CCA6 /* iclouddownload */;
			productType = "com.apple.product-type.tool";
		};
		A46598B526BC48300032651E /* icloudstats */ = {
			isa = PBXNativeTarget;
			buildConfigurationList = A46598BC26BC48300032651E /* Build configuration list for PBXNativeTarget "icloudstats" */;
			buildPhases = (
				A46598B226BC48300032651E /* Sources */,
				A46598B326BC48300032651E /* Frameworks */,
				A46598B426BC48300032651E /* CopyFiles */,
			);
			buildRules = (
			);
			dependencies = (
			);
			name = icloudstats;
			packageProductDependencies = (
				A46598C626BC48DC0032651E /* ArgumentParser */,
			);
			productName = icloudstats;
			productReference = A46598B626BC48300032651E /* icloudstats */;
			productType = "com.apple.product-type.tool";
		};
		A4A9A89126AAF1F900706A28 /* icloudbackup */ = {
			isa = PBXNativeTarget;
			buildConfigurationList = A4A9A89926AAF1F900706A28 /* Build configuration list for PBXNativeTarget "icloudbackup" */;
			buildPhases = (
				A4A9A88E26AAF1F900706A28 /* Sources */,
				A4A9A88F26AAF1F900706A28 /* Frameworks */,
				A4A9A89026AAF1F900706A28 /* CopyFiles */,
			);
			buildRules = (
			);
			dependencies = (
			);
			name = icloudbackup;
			packageProductDependencies = (
				A408074C26AAF305009FD4F4 /* ArgumentParser */,
				A490AB7826B9AA2A007C1120 /* Chalk */,
			);
			productName = "icloud-backup";
			productReference = A4A9A89226AAF1F900706A28 /* icloudbackup */;
			productType = "com.apple.product-type.tool";
		};
		A4D287BE26BAE77A00EE9157 /* icloudoffload */ = {
			isa = PBXNativeTarget;
			buildConfigurationList = A4D287C526BAE77A00EE9157 /* Build configuration list for PBXNativeTarget "icloudoffload" */;
			buildPhases = (
				A4D287BB26BAE77A00EE9157 /* Sources */,
				A4D287BC26BAE77A00EE9157 /* Frameworks */,
				A4D287BD26BAE77A00EE9157 /* CopyFiles */,
			);
			buildRules = (
			);
			dependencies = (
			);
			name = icloudoffload;
			packageProductDependencies = (
				A4D287CD26BAE8AA00EE9157 /* ArgumentParser */,
			);
			productName = icloudoffload;
			productReference = A4D287BF26BAE77A00EE9157 /* icloudoffload */;
			productType = "com.apple.product-type.tool";
		};
/* End PBXNativeTarget section */

/* Begin PBXProject section */
		A4A9A88A26AAF1F800706A28 /* Project object */ = {
			isa = PBXProject;
			attributes = {
				LastSwiftUpdateCheck = 1250;
				LastUpgradeCheck = 1250;
				TargetAttributes = {
					A4317FCF26BA6CAB0012CCA6 = {
						CreatedOnToolsVersion = 12.5.1;
					};
					A46598B526BC48300032651E = {
						CreatedOnToolsVersion = 12.5.1;
					};
					A4A9A89126AAF1F900706A28 = {
						CreatedOnToolsVersion = 12.5.1;
					};
					A4D287BE26BAE77A00EE9157 = {
						CreatedOnToolsVersion = 12.5.1;
					};
				};
			};
			buildConfigurationList = A4A9A88D26AAF1F800706A28 /* Build configuration list for PBXProject "icloud-backup" */;
			compatibilityVersion = "Xcode 9.3";
			developmentRegion = en;
			hasScannedForEncodings = 0;
			knownRegions = (
				en,
				Base,
			);
			mainGroup = A4A9A88926AAF1F800706A28;
			packageReferences = (
				A408074B26AAF305009FD4F4 /* XCRemoteSwiftPackageReference "swift-argument-parser" */,
				A490AB7726B9AA2A007C1120 /* XCRemoteSwiftPackageReference "Chalk" */,
			);
			productRefGroup = A4A9A89326AAF1F900706A28 /* Products */;
			projectDirPath = "";
			projectRoot = "";
			targets = (
				A4A9A89126AAF1F900706A28 /* icloudbackup */,
				A4317FCF26BA6CAB0012CCA6 /* iclouddownload */,
				A4D287BE26BAE77A00EE9157 /* icloudoffload */,
				A46598B526BC48300032651E /* icloudstats */,
			);
		};
/* End PBXProject section */

/* Begin PBXSourcesBuildPhase section */
		A4317FCC26BA6CAB0012CCA6 /* Sources */ = {
			isa = PBXSourcesBuildPhase;
			buildActionMask = 2147483647;
			files = (
				A4317FE126BA71610012CCA6 /* extensions.swift in Sources */,
				A4317FD926BA6D4A0012CCA6 /* cli.swift in Sources */,
				A4317FD326BA6CAB0012CCA6 /* main.swift in Sources */,
				A4317FE226BA718E0012CCA6 /* file_operations.swift in Sources */,
				A4317FDB26BA6EDE0012CCA6 /* walk.swift in Sources */,
				A4317FE026BA71540012CCA6 /* placeholder.swift in Sources */,
			);
			runOnlyForDeploymentPostprocessing = 0;
		};
		A46598B226BC48300032651E /* Sources */ = {
			isa = PBXSourcesBuildPhase;
			buildActionMask = 2147483647;
			files = (
				A46598C326BC48960032651E /* walk.swift in Sources */,
				A46598C526BC48D00032651E /* stats.swift in Sources */,
				A46598BF26BC484D0032651E /* placeholder.swift in Sources */,
				A46598BE26BC48470032651E /* cli.swift in Sources */,
				A46598B926BC48300032651E /* main.swift in Sources */,
				A46598C026BC48500032651E /* extensions.swift in Sources */,
				A46598C126BC48520032651E /* file_operations.swift in Sources */,
			);
			runOnlyForDeploymentPostprocessing = 0;
		};
		A4A9A88E26AAF1F900706A28 /* Sources */ = {
			isa = PBXSourcesBuildPhase;
			buildActionMask = 2147483647;
			files = (
				A408075326AAF3E4009FD4F4 /* walk_dst.swift in Sources */,
				A44447B426AC60C6004A4D4D /* file_operations.swift in Sources */,
				A408075526AAF3FD009FD4F4 /* placeholder.swift in Sources */,
				A4BCBAA526AD7DBF00CE89F6 /* cli.swift in Sources */,
				A408074F26AAF3A8009FD4F4 /* stats.swift in Sources */,
				A4BCBAA326AD5F3500CE89F6 /* walk_src.swift in Sources */,
				A4A9A89626AAF1F900706A28 /* main.swift in Sources */,
				A408075126AAF3BE009FD4F4 /* extensions.swift in Sources */,
			);
			runOnlyForDeploymentPostprocessing = 0;
		};
		A4D287BB26BAE77A00EE9157 /* Sources */ = {
			isa = PBXSourcesBuildPhase;
			buildActionMask = 2147483647;
			files = (
				A4D287CB26BAE87C00EE9157 /* extensions.swift in Sources */,
				A4D287C926BAE7B100EE9157 /* walk.swift in Sources */,
				A4D287C726BAE7A700EE9157 /* cli.swift in Sources */,
				A4D287CC26BAE87E00EE9157 /* file_operations.swift in Sources */,
				A4D287C226BAE77A00EE9157 /* main.swift in Sources */,
				A4D287CA26BAE87A00EE9157 /* placeholder.swift in Sources */,
			);
			runOnlyForDeploymentPostprocessing = 0;
		};
/* End PBXSourcesBuildPhase section */

/* Begin XCBuildConfiguration section */
		A4317FD426BA6CAB0012CCA6 /* Debug */ = {
			isa = XCBuildConfiguration;
			buildSettings = {
				CODE_SIGN_STYLE = Automatic;
				DEVELOPMENT_TEAM = QEZ83PUW72;
				ENABLE_HARDENED_RUNTIME = YES;
				PRODUCT_NAME = "$(TARGET_NAME)";
				SWIFT_VERSION = 5.0;
			};
			name = Debug;
		};
		A4317FD526BA6CAB0012CCA6 /* Release */ = {
			isa = XCBuildConfiguration;
			buildSettings = {
				CODE_SIGN_STYLE = Automatic;
				DEVELOPMENT_TEAM = QEZ83PUW72;
				ENABLE_HARDENED_RUNTIME = YES;
				PRODUCT_NAME = "$(TARGET_NAME)";
				SWIFT_VERSION = 5.0;
			};
			name = Release;
		};
		A46598BA26BC48300032651E /* Debug */ = {
			isa = XCBuildConfiguration;
			buildSettings = {
				CODE_SIGN_STYLE = Automatic;
				DEVELOPMENT_TEAM = QEZ83PUW72;
				ENABLE_HARDENED_RUNTIME = YES;
				PRODUCT_NAME = "$(TARGET_NAME)";
				SWIFT_VERSION = 5.0;
			};
			name = Debug;
		};
		A46598BB26BC48300032651E /* Release */ = {
			isa = XCBuildConfiguration;
			buildSettings = {
				CODE_SIGN_STYLE = Automatic;
				DEVELOPMENT_TEAM = QEZ83PUW72;
				ENABLE_HARDENED_RUNTIME = YES;
				PRODUCT_NAME = "$(TARGET_NAME)";
				SWIFT_VERSION = 5.0;
			};
			name = Release;
		};
		A4A9A89726AAF1F900706A28 /* Debug */ = {
			isa = XCBuildConfiguration;
			buildSettings = {
				ALWAYS_SEARCH_USER_PATHS = NO;
				CLANG_ANALYZER_NONNULL = YES;
				CLANG_ANALYZER_NUMBER_OBJECT_CONVERSION = YES_AGGRESSIVE;
				CLANG_CXX_LANGUAGE_STANDARD = "gnu++14";
				CLANG_CXX_LIBRARY = "libc++";
				CLANG_ENABLE_MODULES = YES;
				CLANG_ENABLE_OBJC_ARC = YES;
				CLANG_ENABLE_OBJC_WEAK = YES;
				CLANG_WARN_BLOCK_CAPTURE_AUTORELEASING = YES;
				CLANG_WARN_BOOL_CONVERSION = YES;
				CLANG_WARN_COMMA = YES;
				CLANG_WARN_CONSTANT_CONVERSION = YES;
				CLANG_WARN_DEPRECATED_OBJC_IMPLEMENTATIONS = YES;
				CLANG_WARN_DIRECT_OBJC_ISA_USAGE = YES_ERROR;
				CLANG_WARN_DOCUMENTATION_COMMENTS = YES;
				CLANG_WARN_EMPTY_BODY = YES;
				CLANG_WARN_ENUM_CONVERSION = YES;
				CLANG_WARN_INFINITE_RECURSION = YES;
				CLANG_WARN_INT_CONVERSION = YES;
				CLANG_WARN_NON_LITERAL_NULL_CONVERSION = YES;
				CLANG_WARN_OBJC_IMPLICIT_RETAIN_SELF = YES;
				CLANG_WARN_OBJC_LITERAL_CONVERSION = YES;
				CLANG_WARN_OBJC_ROOT_CLASS = YES_ERROR;
				CLANG_WARN_QUOTED_INCLUDE_IN_FRAMEWORK_HEADER = YES;
				CLANG_WARN_RANGE_LOOP_ANALYSIS = YES;
				CLANG_WARN_STRICT_PROTOTYPES = YES;
				CLANG_WARN_SUSPICIOUS_MOVE = YES;
				CLANG_WARN_UNGUARDED_AVAILABILITY = YES_AGGRESSIVE;
				CLANG_WARN_UNREACHABLE_CODE = YES;
				CLANG_WARN__DUPLICATE_METHOD_MATCH = YES;
				COPY_PHASE_STRIP = NO;
				DEBUG_INFORMATION_FORMAT = dwarf;
				ENABLE_STRICT_OBJC_MSGSEND = YES;
				ENABLE_TESTABILITY = YES;
				GCC_C_LANGUAGE_STANDARD = gnu11;
				GCC_DYNAMIC_NO_PIC = NO;
				GCC_NO_COMMON_BLOCKS = YES;
				GCC_OPTIMIZATION_LEVEL = 0;
				GCC_PREPROCESSOR_DEFINITIONS = (
					"DEBUG=1",
					"$(inherited)",
				);
				GCC_WARN_64_TO_32_BIT_CONVERSION = YES;
				GCC_WARN_ABOUT_RETURN_TYPE = YES_ERROR;
				GCC_WARN_UNDECLARED_SELECTOR = YES;
				GCC_WARN_UNINITIALIZED_AUTOS = YES_AGGRESSIVE;
				GCC_WARN_UNUSED_FUNCTION = YES;
				GCC_WARN_UNUSED_VARIABLE = YES;
				MACOSX_DEPLOYMENT_TARGET = 11.3;
				MTL_ENABLE_DEBUG_INFO = INCLUDE_SOURCE;
				MTL_FAST_MATH = YES;
				ONLY_ACTIVE_ARCH = YES;
				SDKROOT = macosx;
				SWIFT_ACTIVE_COMPILATION_CONDITIONS = DEBUG;
				SWIFT_OPTIMIZATION_LEVEL = "-Onone";
			};
			name = Debug;
		};
		A4A9A89826AAF1F900706A28 /* Release */ = {
			isa = XCBuildConfiguration;
			buildSettings = {
				ALWAYS_SEARCH_USER_PATHS = NO;
				CLANG_ANALYZER_NONNULL = YES;
				CLANG_ANALYZER_NUMBER_OBJECT_CONVERSION = YES_AGGRESSIVE;
				CLANG_CXX_LANGUAGE_STANDARD = "gnu++14";
				CLANG_CXX_LIBRARY = "libc++";
				CLANG_ENABLE_MODULES = YES;
				CLANG_ENABLE_OBJC_ARC = YES;
				CLANG_ENABLE_OBJC_WEAK = YES;
				CLANG_WARN_BLOCK_CAPTURE_AUTORELEASING = YES;
				CLANG_WARN_BOOL_CONVERSION = YES;
				CLANG_WARN_COMMA = YES;
				CLANG_WARN_CONSTANT_CONVERSION = YES;
				CLANG_WARN_DEPRECATED_OBJC_IMPLEMENTATIONS = YES;
				CLANG_WARN_DIRECT_OBJC_ISA_USAGE = YES_ERROR;
				CLANG_WARN_DOCUMENTATION_COMMENTS = YES;
				CLANG_WARN_EMPTY_BODY = YES;
				CLANG_WARN_ENUM_CONVERSION = YES;
				CLANG_WARN_INFINITE_RECURSION = YES;
				CLANG_WARN_INT_CONVERSION = YES;
				CLANG_WARN_NON_LITERAL_NULL_CONVERSION = YES;
				CLANG_WARN_OBJC_IMPLICIT_RETAIN_SELF = YES;
				CLANG_WARN_OBJC_LITERAL_CONVERSION = YES;
				CLANG_WARN_OBJC_ROOT_CLASS = YES_ERROR;
				CLANG_WARN_QUOTED_INCLUDE_IN_FRAMEWORK_HEADER = YES;
				CLANG_WARN_RANGE_LOOP_ANALYSIS = YES;
				CLANG_WARN_STRICT_PROTOTYPES = YES;
				CLANG_WARN_SUSPICIOUS_MOVE = YES;
				CLANG_WARN_UNGUARDED_AVAILABILITY = YES_AGGRESSIVE;
				CLANG_WARN_UNREACHABLE_CODE = YES;
				CLANG_WARN__DUPLICATE_METHOD_MATCH = YES;
				COPY_PHASE_STRIP = NO;
				DEBUG_INFORMATION_FORMAT = "dwarf-with-dsym";
				ENABLE_NS_ASSERTIONS = NO;
				ENABLE_STRICT_OBJC_MSGSEND = YES;
				GCC_C_LANGUAGE_STANDARD = gnu11;
				GCC_NO_COMMON_BLOCKS = YES;
				GCC_WARN_64_TO_32_BIT_CONVERSION = YES;
				GCC_WARN_ABOUT_RETURN_TYPE = YES_ERROR;
				GCC_WARN_UNDECLARED_SELECTOR = YES;
				GCC_WARN_UNINITIALIZED_AUTOS = YES_AGGRESSIVE;
				GCC_WARN_UNUSED_FUNCTION = YES;
				GCC_WARN_UNUSED_VARIABLE = YES;
				MACOSX_DEPLOYMENT_TARGET = 11.3;
				MTL_ENABLE_DEBUG_INFO = NO;
				MTL_FAST_MATH = YES;
				SDKROOT = macosx;
				SWIFT_COMPILATION_MODE = wholemodule;
				SWIFT_OPTIMIZATION_LEVEL = "-O";
			};
			name = Release;
		};
		A4A9A89A26AAF1F900706A28 /* Debug */ = {
			isa = XCBuildConfiguration;
			buildSettings = {
				CODE_SIGN_STYLE = Automatic;
				DEVELOPMENT_TEAM = QEZ83PUW72;
				ENABLE_HARDENED_RUNTIME = YES;
				PRODUCT_BUNDLE_IDENTIFIER = "se.eberl.icloud-backup";
				PRODUCT_NAME = "$(TARGET_NAME)";
				SWIFT_VERSION = 5.0;
			};
			name = Debug;
		};
		A4A9A89B26AAF1F900706A28 /* Release */ = {
			isa = XCBuildConfiguration;
			buildSettings = {
				CODE_SIGN_STYLE = Automatic;
				DEVELOPMENT_TEAM = QEZ83PUW72;
				ENABLE_HARDENED_RUNTIME = YES;
				PRODUCT_BUNDLE_IDENTIFIER = "se.eberl.icloud-backup";
				PRODUCT_NAME = "$(TARGET_NAME)";
				SWIFT_VERSION = 5.0;
			};
			name = Release;
		};
		A4D287C326BAE77A00EE9157 /* Debug */ = {
			isa = XCBuildConfiguration;
			buildSettings = {
				CODE_SIGN_STYLE = Automatic;
				DEVELOPMENT_TEAM = QEZ83PUW72;
				ENABLE_HARDENED_RUNTIME = YES;
				PRODUCT_NAME = "$(TARGET_NAME)";
				SWIFT_VERSION = 5.0;
			};
			name = Debug;
		};
		A4D287C426BAE77A00EE9157 /* Release */ = {
			isa = XCBuildConfiguration;
			buildSettings = {
				CODE_SIGN_STYLE = Automatic;
				DEVELOPMENT_TEAM = QEZ83PUW72;
				ENABLE_HARDENED_RUNTIME = YES;
				PRODUCT_NAME = "$(TARGET_NAME)";
				SWIFT_VERSION = 5.0;
			};
			name = Release;
		};
/* End XCBuildConfiguration section */

/* Begin XCConfigurationList section */
		A4317FD626BA6CAB0012CCA6 /* Build configuration list for PBXNativeTarget "iclouddownload" */ = {
			isa = XCConfigurationList;
			buildConfigurations = (
				A4317FD426BA6CAB0012CCA6 /* Debug */,
				A4317FD526BA6CAB0012CCA6 /* Release */,
			);
			defaultConfigurationIsVisible = 0;
			defaultConfigurationName = Release;
		};
		A46598BC26BC48300032651E /* Build configuration list for PBXNativeTarget "icloudstats" */ = {
			isa = XCConfigurationList;
			buildConfigurations = (
				A46598BA26BC48300032651E /* Debug */,
				A46598BB26BC48300032651E /* Release */,
			);
			defaultConfigurationIsVisible = 0;
			defaultConfigurationName = Release;
		};
		A4A9A88D26AAF1F800706A28 /* Build configuration list for PBXProject "icloud-backup" */ = {
			isa = XCConfigurationList;
			buildConfigurations = (
				A4A9A89726AAF1F900706A28 /* Debug */,
				A4A9A89826AAF1F900706A28 /* Release */,
			);
			defaultConfigurationIsVisible = 0;
			defaultConfigurationName = Release;
		};
		A4A9A89926AAF1F900706A28 /* Build configuration list for PBXNativeTarget "icloudbackup" */ = {
			isa = XCConfigurationList;
			buildConfigurations = (
				A4A9A89A26AAF1F900706A28 /* Debug */,
				A4A9A89B26AAF1F900706A28 /* Release */,
			);
			defaultConfigurationIsVisible = 0;
			defaultConfigurationName = Release;
		};
		A4D287C526BAE77A00EE9157 /* Build configuration list for PBXNativeTarget "icloudoffload" */ = {
			isa = XCConfigurationList;
			buildConfigurations = (
				A4D287C326BAE77A00EE9157 /* Debug */,
				A4D287C426BAE77A00EE9157 /* Release */,
			);
			defaultConfigurationIsVisible = 0;
			defaultConfigurationName = Release;
		};
/* End XCConfigurationList section */

/* Begin XCRemoteSwiftPackageReference section */
		A408074B26AAF305009FD4F4 /* XCRemoteSwiftPackageReference "swift-argument-parser" */ = {
			isa = XCRemoteSwiftPackageReference;
			repositoryURL = "https://github.com/apple/swift-argument-parser";
			requirement = {
				kind = upToNextMajorVersion;
				minimumVersion = 0.4.3;
			};
		};
		A490AB7726B9AA2A007C1120 /* XCRemoteSwiftPackageReference "Chalk" */ = {
			isa = XCRemoteSwiftPackageReference;
			repositoryURL = "https://github.com/mxcl/Chalk";
			requirement = {
				kind = upToNextMajorVersion;
				minimumVersion = 0.4.0;
			};
		};
/* End XCRemoteSwiftPackageReference section */

/* Begin XCSwiftPackageProductDependency section */
		A408074C26AAF305009FD4F4 /* ArgumentParser */ = {
			isa = XCSwiftPackageProductDependency;
			package = A408074B26AAF305009FD4F4 /* XCRemoteSwiftPackageReference "swift-argument-parser" */;
			productName = ArgumentParser;
		};
		A4317FDD26BA6F6A0012CCA6 /* ArgumentParser */ = {
			isa = XCSwiftPackageProductDependency;
			package = A408074B26AAF305009FD4F4 /* XCRemoteSwiftPackageReference "swift-argument-parser" */;
			productName = ArgumentParser;
		};
		A46598C626BC48DC0032651E /* ArgumentParser */ = {
			isa = XCSwiftPackageProductDependency;
			package = A408074B26AAF305009FD4F4 /* XCRemoteSwiftPackageReference "swift-argument-parser" */;
			productName = ArgumentParser;
		};
		A490AB7826B9AA2A007C1120 /* Chalk */ = {
			isa = XCSwiftPackageProductDependency;
			package = A490AB7726B9AA2A007C1120 /* XCRemoteSwiftPackageReference "Chalk" */;
			productName = Chalk;
		};
		A4D287CD26BAE8AA00EE9157 /* ArgumentParser */ = {
			isa = XCSwiftPackageProductDependency;
			package = A408074B26AAF305009FD4F4 /* XCRemoteSwiftPackageReference "swift-argument-parser" */;
			productName = ArgumentParser;
		};
/* End XCSwiftPackageProductDependency section */
	};
	rootObject = A4A9A88A26AAF1F800706A28 /* Project object */;
}
