{
  "object": {
    "pins": [
      {
        "package": "Chalk",
        "repositoryURL": "https://github.com/mxcl/Chalk",
        "state": {
          "branch": null,
          "revision": "9aa9f348b86db3cf6702a3e43c081ecec80cf3c7",
          "version": "0.4.0"
        }
      },
      {
        "package": "swift-argument-parser",
        "repositoryURL": "https://github.com/apple/swift-argument-parser",
        "state": {
          "branch": null,
          "revision": "6b2aa2748a7881eebb9f84fb10c01293e15b52ca",
          "version": "0.5.0"
        }
      }
    ]
  },
  "version": 1
}
