{
  "object": {
    "pins": [
      {
        "package": "Progress",
        "repositoryURL": "https://github.com/jkandzi/Progress.swift",
        "state": {
          "branch": null,
          "revision": "fed6598735d7982058690acf8f52a0a5fdaeb3e0",
          "version": "0.4.0"
        }
      },
      {
        "package": "swift-argument-parser",
        "repositoryURL": "https://github.com/apple/swift-argument-parser",
        "state": {
          "branch": null,
          "revision": "986d191f94cec88f6350056da59c2e59e83d1229",
          "version": "0.4.3"
        }
      }
    ]
  },
  "version": 1
}
